
Microsoft Visual Studio Solution File, Format Version 11.00
# Visual Studio 2010
Project("{FAE04EC0-301F-11D3-BF4B-00C04F79EFBC}") = "Assembly-CSharp", "Assembly-CSharp.csproj", "{0A4F6986-2B2B-4EAA-7B2B-45761FD54F54}"
EndProject
Project("{FAE04EC0-301F-11D3-BF4B-00C04F79EFBC}") = "Assembly-CSharp-Editor", "Assembly-CSharp-Editor.csproj", "{989A1690-4F88-655F-467B-1788B6B6CE82}"
EndProject
Global
	GlobalSection(SolutionConfigurationPlatforms) = preSolution
		Debug|Any CPU = Debug|Any CPU
		Release|Any CPU = Release|Any CPU
	EndGlobalSection
	GlobalSection(ProjectConfigurationPlatforms) = postSolution
		{0A4F6986-2B2B-4EAA-7B2B-45761FD54F54}.Debug|Any CPU.ActiveCfg = Debug|Any CPU
		{0A4F6986-2B2B-4EAA-7B2B-45761FD54F54}.Debug|Any CPU.Build.0 = Debug|Any CPU
		{0A4F6986-2B2B-4EAA-7B2B-45761FD54F54}.Release|Any CPU.ActiveCfg = Release|Any CPU
		{0A4F6986-2B2B-4EAA-7B2B-45761FD54F54}.Release|Any CPU.Build.0 = Release|Any CPU
		{989A1690-4F88-655F-467B-1788B6B6CE82}.Debug|Any CPU.ActiveCfg = Debug|Any CPU
		{989A1690-4F88-655F-467B-1788B6B6CE82}.Debug|Any CPU.Build.0 = Debug|Any CPU
		{989A1690-4F88-655F-467B-1788B6B6CE82}.Release|Any CPU.ActiveCfg = Release|Any CPU
		{989A1690-4F88-655F-467B-1788B6B6CE82}.Release|Any CPU.Build.0 = Release|Any CPU
	EndGlobalSection
	GlobalSection(SolutionProperties) = preSolution
		HideSolutionNode = FALSE
	EndGlobalSection
	GlobalSection(MonoDevelopProperties) = preSolution
		StartupItem = Assembly-CSharp.csproj
	EndGlobalSection
EndGlobal
